Microsoft Visual Studio Solution File, Format Version 12.00
# Visual Studio 15
VisualStudioVersion = 15.0.26124.0
MinimumVisualStudioVersion = 15.0.26124.0
Project("{2150E333-8FDC-42A3-9474-1A3956D46DE8}") = "src", "src", "{9D5A3BAE-C216-4B49-8C16-A5C6C537A5E3}"
EndProject
Project("{9A19103F-16F7-4668-BE54-9A1E7A4F7556}") = "NConfigServer", "src\NConfigServer\NConfigServer.csproj", "{F2D9416E-55B3-4033-913D-B1A2B0F8308C}"
EndProject
Global
	GlobalSection(SolutionConfigurationPlatforms) = preSolution
		Debug|Any CPU = Debug|Any CPU
		Debug|x64 = Debug|x64
		Debug|x86 = Debug|x86
		Release|Any CPU = Release|Any CPU
		Release|x64 = Release|x64
		Release|x86 = Release|x86
	EndGlobalSection
	GlobalSection(ProjectConfigurationPlatforms) = postSolution
		{F2D9416E-55B3-4033-913D-B1A2B0F8308C}.Debug|Any CPU.ActiveCfg = Debug|Any CPU
		{F2D9416E-55B3-4033-913D-B1A2B0F8308C}.Debug|Any CPU.Build.0 = Debug|Any CPU
		{F2D9416E-55B3-4033-913D-B1A2B0F8308C}.Debug|x64.ActiveCfg = Debug|Any CPU
		{F2D9416E-55B3-4033-913D-B1A2B0F8308C}.Debug|x64.Build.0 = Debug|Any CPU
		{F2D9416E-55B3-4033-913D-B1A2B0F8308C}.Debug|x86.ActiveCfg = Debug|Any CPU
		{F2D9416E-55B3-4033-913D-B1A2B0F8308C}.Debug|x86.Build.0 = Debug|Any CPU
		{F2D9416E-55B3-4033-913D-B1A2B0F8308C}.Release|Any CPU.ActiveCfg = Release|Any CPU
		{F2D9416E-55B3-4033-913D-B1A2B0F8308C}.Release|Any CPU.Build.0 = Release|Any CPU
		{F2D9416E-55B3-4033-913D-B1A2B0F8308C}.Release|x64.ActiveCfg = Release|Any CPU
		{F2D9416E-55B3-4033-913D-B1A2B0F8308C}.Release|x64.Build.0 = Release|Any CPU
		{F2D9416E-55B3-4033-913D-B1A2B0F8308C}.Release|x86.ActiveCfg = Release|Any CPU
		{F2D9416E-55B3-4033-913D-B1A2B0F8308C}.Release|x86.Build.0 = Release|Any CPU
	EndGlobalSection
	GlobalSection(SolutionProperties) = preSolution
		HideSolutionNode = FALSE
	EndGlobalSection
	GlobalSection(NestedProjects) = preSolution
		{F2D9416E-55B3-4033-913D-B1A2B0F8308C} = {9D5A3BAE-C216-4B49-8C16-A5C6C537A5E3}
	EndGlobalSection
	GlobalSection(ExtensibilityGlobals) = postSolution
		SolutionGuid = {4B4EBA5B-0BF2-465C-B950-4EFEAF6454AC}
	EndGlobalSection
EndGlobal
